// !$*UTF8*$!
{
	archiveVersion = 1;
	classes = {
	};
	objectVersion = 46;
	objects = {

/* Begin PBXBuildFile section */
		0BD62D971D4097E900D4FBF0 /* main.m in Sources */ = {isa = PBXBuildFile; fileRef = 0BD62D961D4097E900D4FBF0 /* main.m */; };
		0BD62D9A1D4097E900D4FBF0 /* AppDelegate.m in Sources */ = {isa = PBXBuildFile; fileRef = 0BD62D991D4097E900D4FBF0 /* AppDelegate.m */; };
		0BD62DA21D4097E900D4FBF0 /* Assets.xcassets in Resources */ = {isa = PBXBuildFile; fileRef = 0BD62DA11D4097E900D4FBF0 /* Assets.xcassets */; };
		0BD62DA51D4097E900D4FBF0 /* LaunchScreen.storyboard in Resources */ = {isa = PBXBuildFile; fileRef = 0BD62DA31D4097E900D4FBF0 /* LaunchScreen.storyboard */; };
/* End PBXBuildFile section */

/* Begin PBXFileReference section */
		0BD62D921D4097E900D4FBF0 /* 001-WY.app */ = {isa = PBXFileReference; explicitFileType = wrapper.application; includeInIndex = 0; path = "001-WY.app"; sourceTree = BUILT_PRODUCTS_DIR; };
		0BD62D961D4097E900D4FBF0 /* main.m */ = {isa = PBXFileReference; lastKnownFileType = sourcecode.c.objc; path = main.m; sourceTree = "<group>"; };
		0BD62D981D4097E900D4FBF0 /* AppDelegate.h */ = {isa = PBXFileReference; lastKnownFileType = sourcecode.c.h; path = AppDelegate.h; sourceTree = "<group>"; };
		0BD62D991D4097E900D4FBF0 /* AppDelegate.m */ = {isa = PBXFileReference; lastKnownFileType = sourcecode.c.objc; path = AppDelegate.m; sourceTree = "<group>"; };
		0BD62DA11D4097E900D4FBF0 /* Assets.xcassets */ = {isa = PBXFileReference; lastKnownFileType = folder.assetcatalog; path = Assets.xcassets; sourceTree = "<group>"; };
		0BD62DA41D4097E900D4FBF0 /* Base */ = {isa = PBXFileReference; lastKnownFileType = file.storyboard; name = Base; path = Base.lproj/LaunchScreen.storyboard; sourceTree = "<group>"; };
		0BD62DA61D4097E900D4FBF0 /* Info.plist */ = {isa = PBXFileReference; lastKnownFileType = text.plist.xml; path = Info.plist; sourceTree = "<group>"; };
/* End PBXFileReference section */

/* Begin PBXFrameworksBuildPhase section */
		0BD62D8F1D4097E900D4FBF0 /* Frameworks */ = {
			isa = PBXFrameworksBuildPhase;
			buildActionMask = 2147483647;
			files = (
			);
			runOnlyForDeploymentPostprocessing = 0;
		};
/* End PBXFrameworksBuildPhase section */

/* Begin PBXGroup section */
		0BD62D891D4097E800D4FBF0 = {
			isa = PBXGroup;
			children = (
				0BD62D941D4097E900D4FBF0 /* 001-WY */,
				0BD62D931D4097E900D4FBF0 /* Products */,
			);
			sourceTree = "<group>";
		};
		0BD62D931D4097E900D4FBF0 /* Products */ = {
			isa = PBXGroup;
			children = (
				0BD62D921D4097E900D4FBF0 /* 001-WY.app */,
			);
			name = Products;
			sourceTree = "<group>";
		};
		0BD62D941D4097E900D4FBF0 /* 001-WY */ = {
			isa = PBXGroup;
			children = (
				0BD62DAC1D4098A700D4FBF0 /* Classes */,
				0BD62D981D4097E900D4FBF0 /* AppDelegate.h */,
				0BD62D991D4097E900D4FBF0 /* AppDelegate.m */,
				0BD62DA11D4097E900D4FBF0 /* Assets.xcassets */,
				0BD62DA31D4097E900D4FBF0 /* LaunchScreen.storyboard */,
				0BD62DA61D4097E900D4FBF0 /* Info.plist */,
				0BD62D951D4097E900D4FBF0 /* Supporting Files */,
			);
			path = "001-WY";
			sourceTree = "<group>";
		};
		0BD62D951D4097E900D4FBF0 /* Supporting Files */ = {
			isa = PBXGroup;
			children = (
				0BD62D961D4097E900D4FBF0 /* main.m */,
			);
			name = "Supporting Files";
			sourceTree = "<group>";
		};
		0BD62DAC1D4098A700D4FBF0 /* Classes */ = {
			isa = PBXGroup;
			children = (
				0BD62DAD1D4098A700D4FBF0 /* Home */,
				0BD62DAE1D4098A700D4FBF0 /* Main */,
				0BD62DAF1D4098A700D4FBF0 /* Tools */,
			);
			path = Classes;
			sourceTree = "<group>";
		};
		0BD62DAD1D4098A700D4FBF0 /* Home */ = {
			isa = PBXGroup;
			children = (
			);
			path = Home;
			sourceTree = "<group>";
		};
		0BD62DAE1D4098A700D4FBF0 /* Main */ = {
			isa = PBXGroup;
			children = (
			);
			path = Main;
			sourceTree = "<group>";
		};
		0BD62DAF1D4098A700D4FBF0 /* Tools */ = {
			isa = PBXGroup;
			children = (
			);
			path = Tools;
			sourceTree = "<group>";
		};
/* End PBXGroup section */

/* Begin PBXNativeTarget section */
		0BD62D911D4097E900D4FBF0 /* 001-WY */ = {
			isa = PBXNativeTarget;
			buildConfigurationList = 0BD62DA91D4097E900D4FBF0 /* Build configuration list for PBXNativeTarget "001-WY" */;
			buildPhases = (
				0BD62D8E1D4097E900D4FBF0 /* Sources */,
				0BD62D8F1D4097E900D4FBF0 /* Frameworks */,
				0BD62D901D4097E900D4FBF0 /* Resources */,
			);
			buildRules = (
			);
			dependencies = (
			);
			name = "001-WY";
			productName = "001-WY";
			productReference = 0BD62D921D4097E900D4FBF0 /* 001-WY.app */;
			productType = "com.apple.product-type.application";
		};
/* End PBXNativeTarget section */

/* Begin PBXProject section */
		0BD62D8A1D4097E800D4FBF0 /* Project object */ = {
			isa = PBXProject;
			attributes = {
				CLASSPREFIX = WY;
				LastUpgradeCheck = 0730;
				ORGANIZATIONNAME = "小贝";
				TargetAttributes = {
					0BD62D911D4097E900D4FBF0 = {
						CreatedOnToolsVersion = 7.3;
					};
				};
			};
			buildConfigurationList = 0BD62D8D1D4097E800D4FBF0 /* Build configuration list for PBXProject "001-WY" */;
			compatibilityVersion = "Xcode 3.2";
			developmentRegion = English;
			hasScannedForEncodings = 0;
			knownRegions = (
				en,
				Base,
			);
			mainGroup = 0BD62D891D4097E800D4FBF0;
			productRefGroup = 0BD62D931D4097E900D4FBF0 /* Products */;
			projectDirPath = "";
			projectRoot = "";
			targets = (
				0BD62D911D4097E900D4FBF0 /* 001-WY */,
			);
		};
/* End PBXProject section */

/* Begin PBXResourcesBuildPhase section */
		0BD62D901D4097E900D4FBF0 /* Resources */ = {
			isa = PBXResourcesBuildPhase;
			buildActionMask = 2147483647;
			files = (
				0BD62DA51D4097E900D4FBF0 /* LaunchScreen.storyboard in Resources */,
				0BD62DA21D4097E900D4FBF0 /* Assets.xcassets in Resources */,
			);
			runOnlyForDeploymentPostprocessing = 0;
		};
/* End PBXResourcesBuildPhase section */

/* Begin PBXSourcesBuildPhase section */
		0BD62D8E1D4097E900D4FBF0 /* Sources */ = {
			isa = PBXSourcesBuildPhase;
			buildActionMask = 2147483647;
			files = (
				0BD62D9A1D4097E900D4FBF0 /* AppDelegate.m in Sources */,
				0BD62D971D4097E900D4FBF0 /* main.m in Sources */,
			);
			runOnlyForDeploymentPostprocessing = 0;
		};
/* End PBXSourcesBuildPhase section */

/* Begin PBXVariantGroup section */
		0BD62DA31D4097E900D4FBF0 /* LaunchScreen.storyboard */ = {
			isa = PBXVariantGroup;
			children = (
				0BD62DA41D4097E900D4FBF0 /* Base */,
			);
			name = LaunchScreen.storyboard;
			sourceTree = "<group>";
		};
/* End PBXVariantGroup section */

/* Begin XCBuildConfiguration section */
		0BD62DA71D4097E900D4FBF0 /* Debug */ = {
			isa = XCBuildConfiguration;
			buildSettings = {
				ALWAYS_SEARCH_USER_PATHS = NO;
				CLANG_ANALYZER_NONNULL = YES;
				CLANG_CXX_LANGUAGE_STANDARD = "gnu++0x";
				CLANG_CXX_LIBRARY = "libc++";
				CLANG_ENABLE_MODULES = YES;
				CLANG_ENABLE_OBJC_ARC = YES;
				CLANG_WARN_BOOL_CONVERSION = YES;
				CLANG_WARN_CONSTANT_CONVERSION = YES;
				CLANG_WARN_DIRECT_OBJC_ISA_USAGE = YES_ERROR;
				CLANG_WARN_EMPTY_BODY = YES;
				CLANG_WARN_ENUM_CONVERSION = YES;
				CLANG_WARN_INT_CONVERSION = YES;
				CLANG_WARN_OBJC_ROOT_CLASS = YES_ERROR;
				CLANG_WARN_UNREACHABLE_CODE = YES;
				CLANG_WARN__DUPLICATE_METHOD_MATCH = YES;
				"CODE_SIGN_IDENTITY[sdk=iphoneos*]" = "iPhone Developer";
				COPY_PHASE_STRIP = NO;
				DEBUG_INFORMATION_FORMAT = dwarf;
				ENABLE_STRICT_OBJC_MSGSEND = YES;
				ENABLE_TESTABILITY = YES;
				GCC_C_LANGUAGE_STANDARD = gnu99;
				GCC_DYNAMIC_NO_PIC = NO;
				GCC_NO_COMMON_BLOCKS = YES;
				GCC_OPTIMIZATION_LEVEL = 0;
				GCC_PREPROCESSOR_DEFINITIONS = (
					"DEBUG=1",
					"$(inherited)",
				);
				GCC_WARN_64_TO_32_BIT_CONVERSION = YES;
				GCC_WARN_ABOUT_RETURN_TYPE = YES_ERROR;
				GCC_WARN_UNDECLARED_SELECTOR = YES;
				GCC_WARN_UNINITIALIZED_AUTOS = YES_AGGRESSIVE;
				GCC_WARN_UNUSED_FUNCTION = YES;
				GCC_WARN_UNUSED_VARIABLE = YES;
				IPHONEOS_DEPLOYMENT_TARGET = 9.3;
				MTL_ENABLE_DEBUG_INFO = YES;
				ONLY_ACTIVE_ARCH = YES;
				SDKROOT = iphoneos;
			};
			name = Debug;
		};
		0BD62DA81D4097E900D4FBF0 /* Release */ = {
			isa = XCBuildConfiguration;
			buildSettings = {
				ALWAYS_SEARCH_USER_PATHS = NO;
				CLANG_ANALYZER_NONNULL = YES;
				CLANG_CXX_LANGUAGE_STANDARD = "gnu++0x";
				CLANG_CXX_LIBRARY = "libc++";
				CLANG_ENABLE_MODULES = YES;
				CLANG_ENABLE_OBJC_ARC = YES;
				CLANG_WARN_BOOL_CONVERSION = YES;
				CLANG_WARN_CONSTANT_CONVERSION = YES;
				CLANG_WARN_DIRECT_OBJC_ISA_USAGE = YES_ERROR;
				CLANG_WARN_EMPTY_BODY = YES;
				CLANG_WARN_ENUM_CONVERSION = YES;
				CLANG_WARN_INT_CONVERSION = YES;
				CLANG_WARN_OBJC_ROOT_CLASS = YES_ERROR;
				CLANG_WARN_UNREACHABLE_CODE = YES;
				CLANG_WARN__DUPLICATE_METHOD_MATCH = YES;
				"CODE_SIGN_IDENTITY[sdk=iphoneos*]" = "iPhone Developer";
				COPY_PHASE_STRIP = NO;
				DEBUG_INFORMATION_FORMAT = "dwarf-with-dsym";
				ENABLE_NS_ASSERTIONS = NO;
				ENABLE_STRICT_OBJC_MSGSEND = YES;
				GCC_C_LANGUAGE_STANDARD = gnu99;
				GCC_NO_COMMON_BLOCKS = YES;
				GCC_WARN_64_TO_32_BIT_CONVERSION = YES;
				GCC_WARN_ABOUT_RETURN_TYPE = YES_ERROR;
				GCC_WARN_UNDECLARED_SELECTOR = YES;
				GCC_WARN_UNINITIALIZED_AUTOS = YES_AGGRESSIVE;
				GCC_WARN_UNUSED_FUNCTION = YES;
				GCC_WARN_UNUSED_VARIABLE = YES;
				IPHONEOS_DEPLOYMENT_TARGET = 9.3;
				MTL_ENABLE_DEBUG_INFO = NO;
				SDKROOT = iphoneos;
				VALIDATE_PRODUCT = YES;
			};
			name = Release;
		};
		0BD62DAA1D4097E900D4FBF0 /* Debug */ = {
			isa = XCBuildConfiguration;
			buildSettings = {
				ASSETCATALOG_COMPILER_APPICON_NAME = AppIcon;
				INFOPLIST_FILE = "001-WY/Info.plist";
				IPHONEOS_DEPLOYMENT_TARGET = 8.0;
				LD_RUNPATH_SEARCH_PATHS = "$(inherited) @executable_path/Frameworks";
				PRODUCT_BUNDLE_IDENTIFIER = "cn.wmz.-01-WY";
				PRODUCT_NAME = "$(TARGET_NAME)";
			};
			name = Debug;
		};
		0BD62DAB1D4097E900D4FBF0 /* Release */ = {
			isa = XCBuildConfiguration;
			buildSettings = {
				ASSETCATALOG_COMPILER_APPICON_NAME = AppIcon;
				INFOPLIST_FILE = "001-WY/Info.plist";
				IPHONEOS_DEPLOYMENT_TARGET = 8.0;
				LD_RUNPATH_SEARCH_PATHS = "$(inherited) @executable_path/Frameworks";
				PRODUCT_BUNDLE_IDENTIFIER = "cn.wmz.-01-WY";
				PRODUCT_NAME = "$(TARGET_NAME)";
			};
			name = Release;
		};
/* End XCBuildConfiguration section */

/* Begin XCConfigurationList section */
		0BD62D8D1D4097E800D4FBF0 /* Build configuration list for PBXProject "001-WY" */ = {
			isa = XCConfigurationList;
			buildConfigurations = (
				0BD62DA71D4097E900D4FBF0 /* Debug */,
				0BD62DA81D4097E900D4FBF0 /* Release */,
			);
			defaultConfigurationIsVisible = 0;
			defaultConfigurationName = Release;
		};
		0BD62DA91D4097E900D4FBF0 /* Build configuration list for PBXNativeTarget "001-WY" */ = {
			isa = XCConfigurationList;
			buildConfigurations = (
				0BD62DAA1D4097E900D4FBF0 /* Debug */,
				0BD62DAB1D4097E900D4FBF0 /* Release */,
			);
			defaultConfigurationIsVisible = 0;
		};
/* End XCConfigurationList section */
	};
	rootObject = 0BD62D8A1D4097E800D4FBF0 /* Project object */;
}
